<?xml version="1.0" encoding="utf-8"?>
<Project ToolsVersion="4.0" xmlns="http://schemas.microsoft.com/developer/msbuild/2003">
  <ItemGroup>
    <Filter Include="Arquivos de Origem">
      <UniqueIdentifier>{4FC737F1-C7A5-4376-A066-2A32D752A2FF}</UniqueIdentifier>
      <Extensions>cpp;c;cc;cxx;def;odl;idl;hpj;bat;asm;asmx</Extensions>
    </Filter>
    <Filter Include="Arquivos de Cabeçalho">
      <UniqueIdentifier>{93995380-89BD-4b04-88EB-625FBE52EBFB}</UniqueIdentifier>
      <Extensions>h;hh;hpp;hxx;hm;inl;inc;xsd</Extensions>
    </Filter>
    <Filter Include="Arquivos de Recurso">
      <UniqueIdentifier>{67DA6AB6-F800-4c08-8B7A-83BB121AAD01}</UniqueIdentifier>
      <Extensions>rc;ico;cur;bmp;dlg;rc2;rct;bin;rgs;gif;jpg;jpeg;jpe;resx;tiff;tif;png;wav;mfcribbon-ms</Extensions>
    </Filter>
  </ItemGroup>
  <ItemGroup>
    <ClCompile Include="TelaMenuPrincipal.cpp">
      <Filter>Arquivos de Origem</Filter>
    </ClCompile>
    <ClCompile Include="TelaIntroducao.cpp">
      <Filter>Arquivos de Origem</Filter>
    </ClCompile>
    <ClCompile Include="AlteradorPropriedadeBotao.cpp">
      <Filter>Arquivos de Origem</Filter>
    </ClCompile>
    <ClCompile Include="AlteradorPropriedadeLetreiro.cpp">
      <Filter>Arquivos de Origem</Filter>
    </ClCompile>
    <ClCompile Include="AlteradorPropriedadeImagem.cpp">
      <Filter>Arquivos de Origem</Filter>
    </ClCompile>
    <ClCompile Include="AlteradorPropriedadeTempo.cpp">
      <Filter>Arquivos de Origem</Filter>
    </ClCompile>
    <ClCompile Include="TelaInformacaoUsuario.cpp">
      <Filter>Arquivos de Origem</Filter>
    </ClCompile>
    <ClCompile Include="Jogo.cpp">
      <Filter>Arquivos de Origem</Filter>
    </ClCompile>
    <ClCompile Include="TelaQuestao1.cpp">
      <Filter>Arquivos de Origem</Filter>
    </ClCompile>
    <ClCompile Include="Rank.cpp">
      <Filter>Arquivos de Origem</Filter>
    </ClCompile>
    <ClCompile Include="RegistroDeDados.cpp">
      <Filter>Arquivos de Origem</Filter>
    </ClCompile>
    <ClCompile Include="ConversorDeTipos.cpp">
      <Filter>Arquivos de Origem</Filter>
    </ClCompile>
    <ClCompile Include="TelaDeRank.cpp">
      <Filter>Arquivos de Origem</Filter>
    </ClCompile>
    <ClCompile Include="TelaQuestao2.cpp">
      <Filter>Arquivos de Origem</Filter>
    </ClCompile>
    <ClCompile Include="AlteradorPropriedadeCaixaDeTexto.cpp">
      <Filter>Arquivos de Origem</Filter>
    </ClCompile>
    <ClCompile Include="AlteradorPropriedadePainel.cpp">
      <Filter>Arquivos de Origem</Filter>
    </ClCompile>
    <ClCompile Include="Principal.cpp">
      <Filter>Arquivos de Origem</Filter>
    </ClCompile>
    <ClCompile Include="Controle.cpp">
      <Filter>Arquivos de Origem</Filter>
    </ClCompile>
    <ClCompile Include="ConversorDeString.cpp">
      <Filter>Arquivos de Origem</Filter>
    </ClCompile>
    <ClCompile Include="TelaMenuExplicacao.cpp">
      <Filter>Arquivos de Origem</Filter>
    </ClCompile>
    <ClCompile Include="TelaExplicacaoAlgoritmo1.cpp">
      <Filter>Arquivos de Origem</Filter>
    </ClCompile>
    <ClCompile Include="TelaExplicacaoAlgoritmo2.cpp">
      <Filter>Arquivos de Origem</Filter>
    </ClCompile>
    <ClCompile Include="TelaExplicacaoAlgoritmo3.cpp">
      <Filter>Arquivos de Origem</Filter>
    </ClCompile>
    <ClCompile Include="TelaExplicacaoCondicao1.cpp">
      <Filter>Arquivos de Origem</Filter>
    </ClCompile>
    <ClCompile Include="TelaExplicacaoCondicao2.cpp">
      <Filter>Arquivos de Origem</Filter>
    </ClCompile>
    <ClCompile Include="TelaExplicacaoRepeticao1.cpp">
      <Filter>Arquivos de Origem</Filter>
    </ClCompile>
    <ClCompile Include="TelaExplicacaoRepeticao2.cpp">
      <Filter>Arquivos de Origem</Filter>
    </ClCompile>
    <ClCompile Include="TelaExplicacaoRepeticao3.cpp">
      <Filter>Arquivos de Origem</Filter>
    </ClCompile>
    <ClCompile Include="TelaExplicacaoVariaveis1.cpp">
      <Filter>Arquivos de Origem</Filter>
    </ClCompile>
    <ClCompile Include="TelaExplicacaoVariaveis2.cpp">
      <Filter>Arquivos de Origem</Filter>
    </ClCompile>
    <ClCompile Include="Explicacao.cpp">
      <Filter>Arquivos de Origem</Filter>
    </ClCompile>
    <ClCompile Include="TelaGrafico.cpp">
      <Filter>Arquivos de Origem</Filter>
    </ClCompile>
    <ClCompile Include="Grafico.cpp">
      <Filter>Arquivos de Origem</Filter>
    </ClCompile>
    <ClCompile Include="TelaQuestao3.cpp">
      <Filter>Arquivos de Origem</Filter>
    </ClCompile>
    <ClCompile Include="TelaQuestao4.cpp">
      <Filter>Arquivos de Origem</Filter>
    </ClCompile>
    <ClCompile Include="TelaQuestao5.cpp">
      <Filter>Arquivos de Origem</Filter>
    </ClCompile>
    <ClCompile Include="TelaQuestao6.cpp">
      <Filter>Arquivos de Origem</Filter>
    </ClCompile>
    <ClCompile Include="Escolha.cpp">
      <Filter>Arquivos de Origem</Filter>
    </ClCompile>
    <ClCompile Include="Enquanto.cpp">
      <Filter>Arquivos de Origem</Filter>
    </ClCompile>
    <ClCompile Include="Repita.cpp">
      <Filter>Arquivos de Origem</Filter>
    </ClCompile>
    <ClCompile Include="para.cpp">
      <Filter>Arquivos de Origem</Filter>
    </ClCompile>
    <ClCompile Include="SeSenao.cpp">
      <Filter>Arquivos de Origem</Filter>
    </ClCompile>
  </ItemGroup>
  <ItemGroup>
    <ClInclude Include="TelaMenuPrincipal.h">
      <Filter>Arquivos de Cabeçalho</Filter>
    </ClInclude>
    <ClInclude Include="TelaIntroducao.h">
      <Filter>Arquivos de Cabeçalho</Filter>
    </ClInclude>
    <ClInclude Include="AlteradorPropriedadeBotao.h">
      <Filter>Arquivos de Cabeçalho</Filter>
    </ClInclude>
    <ClInclude Include="AlteradorPropriedadeLetreiro.h">
      <Filter>Arquivos de Cabeçalho</Filter>
    </ClInclude>
    <ClInclude Include="AlteradorPropriedadeImagem.h">
      <Filter>Arquivos de Cabeçalho</Filter>
    </ClInclude>
    <ClInclude Include="AlteradorPropriedadeTempo.h">
      <Filter>Arquivos de Cabeçalho</Filter>
    </ClInclude>
    <ClInclude Include="TelaInformacaoUsuario.h">
      <Filter>Arquivos de Cabeçalho</Filter>
    </ClInclude>
    <ClInclude Include="TelaQuestao1.h">
      <Filter>Arquivos de Cabeçalho</Filter>
    </ClInclude>
    <ClInclude Include="Jogo.h">
      <Filter>Arquivos de Cabeçalho</Filter>
    </ClInclude>
    <ClInclude Include="Rank.h">
      <Filter>Arquivos de Cabeçalho</Filter>
    </ClInclude>
    <ClInclude Include="RegistroDeDados.h">
      <Filter>Arquivos de Cabeçalho</Filter>
    </ClInclude>
    <ClInclude Include="ConversorDeTipos.h">
      <Filter>Arquivos de Cabeçalho</Filter>
    </ClInclude>
    <ClInclude Include="TelaDeRank.h">
      <Filter>Arquivos de Cabeçalho</Filter>
    </ClInclude>
    <ClInclude Include="TelaQuestao2.h">
      <Filter>Arquivos de Cabeçalho</Filter>
    </ClInclude>
    <ClInclude Include="AlteradorPropriedadeCaixaDeTexto.h">
      <Filter>Arquivos de Cabeçalho</Filter>
    </ClInclude>
    <ClInclude Include="AlteradorPropriedadePainel.h">
      <Filter>Arquivos de Cabeçalho</Filter>
    </ClInclude>
    <ClInclude Include="Controle.h">
      <Filter>Arquivos de Cabeçalho</Filter>
    </ClInclude>
    <ClInclude Include="ConversorDeString.h">
      <Filter>Arquivos de Cabeçalho</Filter>
    </ClInclude>
    <ClInclude Include="TelaMenuExplicacao.h">
      <Filter>Arquivos de Cabeçalho</Filter>
    </ClInclude>
    <ClInclude Include="TelaExplicacaoAlgoritmo1.h">
      <Filter>Arquivos de Cabeçalho</Filter>
    </ClInclude>
    <ClInclude Include="TelaExplicacaoAlgoritmo2.h">
      <Filter>Arquivos de Cabeçalho</Filter>
    </ClInclude>
    <ClInclude Include="TelaExplicacaoAlgoritmo3.h">
      <Filter>Arquivos de Cabeçalho</Filter>
    </ClInclude>
    <ClInclude Include="TelaExplicacaoCondicao1.h">
      <Filter>Arquivos de Cabeçalho</Filter>
    </ClInclude>
    <ClInclude Include="TelaExplicacaoCondicao2.h">
      <Filter>Arquivos de Cabeçalho</Filter>
    </ClInclude>
    <ClInclude Include="TelaExplicacaoRepeticao1.h">
      <Filter>Arquivos de Cabeçalho</Filter>
    </ClInclude>
    <ClInclude Include="TelaExplicacaoRepeticao2.h">
      <Filter>Arquivos de Cabeçalho</Filter>
    </ClInclude>
    <ClInclude Include="TelaExplicacaoRepeticao3.h">
      <Filter>Arquivos de Cabeçalho</Filter>
    </ClInclude>
    <ClInclude Include="TelaExplicacaoVariaveis1.h">
      <Filter>Arquivos de Cabeçalho</Filter>
    </ClInclude>
    <ClInclude Include="TelaExplicacaoVariaveis2.h">
      <Filter>Arquivos de Cabeçalho</Filter>
    </ClInclude>
    <ClInclude Include="Explicacao.h">
      <Filter>Arquivos de Cabeçalho</Filter>
    </ClInclude>
    <ClInclude Include="TelaGrafico.h">
      <Filter>Arquivos de Cabeçalho</Filter>
    </ClInclude>
    <ClInclude Include="Grafico.h">
      <Filter>Arquivos de Cabeçalho</Filter>
    </ClInclude>
    <ClInclude Include="TelaQuestao3.h">
      <Filter>Arquivos de Cabeçalho</Filter>
    </ClInclude>
    <ClInclude Include="TelaQuestao4.h">
      <Filter>Arquivos de Cabeçalho</Filter>
    </ClInclude>
    <ClInclude Include="TelaQuestao5.h">
      <Filter>Arquivos de Cabeçalho</Filter>
    </ClInclude>
    <ClInclude Include="TelaQuestao6.h">
      <Filter>Arquivos de Cabeçalho</Filter>
    </ClInclude>
    <ClInclude Include="Escolha.h">
      <Filter>Arquivos de Cabeçalho</Filter>
    </ClInclude>
    <ClInclude Include="Enquanto.h">
      <Filter>Arquivos de Cabeçalho</Filter>
    </ClInclude>
    <ClInclude Include="Repita.h">
      <Filter>Arquivos de Cabeçalho</Filter>
    </ClInclude>
    <ClInclude Include="para.h">
      <Filter>Arquivos de Cabeçalho</Filter>
    </ClInclude>
    <ClInclude Include="SeSenao.h">
      <Filter>Arquivos de Cabeçalho</Filter>
    </ClInclude>
  </ItemGroup>
  <ItemGroup>
    <EmbeddedResource Include="TelaIntroducao.resx">
      <Filter>Arquivos de Recurso</Filter>
    </EmbeddedResource>
    <EmbeddedResource Include="TelaMenuPrincipal.resx">
      <Filter>Arquivos de Recurso</Filter>
    </EmbeddedResource>
    <EmbeddedResource Include="TelaInformacaoUsuario.resx">
      <Filter>Arquivos de Recurso</Filter>
    </EmbeddedResource>
    <EmbeddedResource Include="TelaQuestao1.resx">
      <Filter>Arquivos de Recurso</Filter>
    </EmbeddedResource>
    <EmbeddedResource Include="TelaDeRank.resx">
      <Filter>Arquivos de Recurso</Filter>
    </EmbeddedResource>
    <EmbeddedResource Include="TelaQuestao2.resx">
      <Filter>Arquivos de Recurso</Filter>
    </EmbeddedResource>
    <EmbeddedResource Include="Controle.resx">
      <Filter>Arquivos de Recurso</Filter>
    </EmbeddedResource>
    <EmbeddedResource Include="TelaExplicacaoAlgoritmo1.resx">
      <Filter>Arquivos de Recurso</Filter>
    </EmbeddedResource>
    <EmbeddedResource Include="TelaExplicacaoAlgoritmo2.resx">
      <Filter>Arquivos de Recurso</Filter>
    </EmbeddedResource>
    <EmbeddedResource Include="TelaExplicacaoAlgoritmo3.resx">
      <Filter>Arquivos de Recurso</Filter>
    </EmbeddedResource>
    <EmbeddedResource Include="TelaExplicacaoCondicao1.resx">
      <Filter>Arquivos de Recurso</Filter>
    </EmbeddedResource>
    <EmbeddedResource Include="TelaExplicacaoCondicao2.resx">
      <Filter>Arquivos de Recurso</Filter>
    </EmbeddedResource>
    <EmbeddedResource Include="TelaExplicacaoRepeticao1.resx">
      <Filter>Arquivos de Recurso</Filter>
    </EmbeddedResource>
    <EmbeddedResource Include="TelaExplicacaoRepeticao2.resx">
      <Filter>Arquivos de Recurso</Filter>
    </EmbeddedResource>
    <EmbeddedResource Include="TelaExplicacaoRepeticao3.resx">
      <Filter>Arquivos de Recurso</Filter>
    </EmbeddedResource>
    <EmbeddedResource Include="TelaExplicacaoVariaveis1.resx">
      <Filter>Arquivos de Recurso</Filter>
    </EmbeddedResource>
    <EmbeddedResource Include="TelaExplicacaoVariaveis2.resx">
      <Filter>Arquivos de Recurso</Filter>
    </EmbeddedResource>
    <EmbeddedResource Include="TelaMenuExplicacao.resx">
      <Filter>Arquivos de Recurso</Filter>
    </EmbeddedResource>
    <EmbeddedResource Include="TelaGrafico.resx">
      <Filter>Arquivos de Recurso</Filter>
    </EmbeddedResource>
    <EmbeddedResource Include="TelaQuestao3.resx">
      <Filter>Arquivos de Recurso</Filter>
    </EmbeddedResource>
    <EmbeddedResource Include="TelaQuestao4.resx">
      <Filter>Arquivos de Recurso</Filter>
    </EmbeddedResource>
    <EmbeddedResource Include="TelaQuestao5.resx">
      <Filter>Arquivos de Recurso</Filter>
    </EmbeddedResource>
    <EmbeddedResource Include="TelaQuestao6.resx">
      <Filter>Arquivos de Recurso</Filter>
    </EmbeddedResource>
    <EmbeddedResource Include="Enquanto.resx">
      <Filter>Arquivos de Recurso</Filter>
    </EmbeddedResource>
    <EmbeddedResource Include="Escolha.resx">
      <Filter>Arquivos de Recurso</Filter>
    </EmbeddedResource>
    <EmbeddedResource Include="para.resx">
      <Filter>Arquivos de Recurso</Filter>
    </EmbeddedResource>
    <EmbeddedResource Include="Repita.resx">
      <Filter>Arquivos de Recurso</Filter>
    </EmbeddedResource>
    <EmbeddedResource Include="SeSenao.resx">
      <Filter>Arquivos de Recurso</Filter>
    </EmbeddedResource>
  </ItemGroup>
</Project>